// !$*UTF8*$!
{
	archiveVersion = 1;
	classes = {
	};
	objectVersion = 55;
	objects = {

/* Begin PBXBuildFile section */
		00640A9C28A5D2EA007AEAF6 /* AppDelegate.swift in Sources */ = {isa = PBXBuildFile; fileRef = 00640A9B28A5D2EA007AEAF6 /* AppDelegate.swift */; };
		00640A9E28A5D2EA007AEAF6 /* SceneDelegate.swift in Sources */ = {isa = PBXBuildFile; fileRef = 00640A9D28A5D2EA007AEAF6 /* SceneDelegate.swift */; };
		00640AA028A5D2EA007AEAF6 /* ViewController.swift in Sources */ = {isa = PBXBuildFile; fileRef = 00640A9F28A5D2EA007AEAF6 /* ViewController.swift */; };
		00640AA328A5D2EA007AEAF6 /* Main.storyboard in Resources */ = {isa = PBXBuildFile; fileRef = 00640AA128A5D2EA007AEAF6 /* Main.storyboard */; };
		00640AA628A5D2EA007AEAF6 /* Start_Show.xcdatamodeld in Sources */ = {isa = PBXBuildFile; fileRef = 00640AA428A5D2EA007AEAF6 /* Start_Show.xcdatamodeld */; };
		00640AA828A5D2EC007AEAF6 /* Assets.xcassets in Resources */ = {isa = PBXBuildFile; fileRef = 00640AA728A5D2EC007AEAF6 /* Assets.xcassets */; };
		00640AAB28A5D2EC007AEAF6 /* LaunchScreen.storyboard in Resources */ = {isa = PBXBuildFile; fileRef = 00640AA928A5D2EC007AEAF6 /* LaunchScreen.storyboard */; };
		00640AB628A5D2EC007AEAF6 /* Start_ShowTests.swift in Sources */ = {isa = PBXBuildFile; fileRef = 00640AB528A5D2EC007AEAF6 /* Start_ShowTests.swift */; };
		00640AC028A5D2EC007AEAF6 /* Start_ShowUITests.swift in Sources */ = {isa = PBXBuildFile; fileRef = 00640ABF28A5D2EC007AEAF6 /* Start_ShowUITests.swift */; };
		00640AC228A5D2EC007AEAF6 /* Start_ShowUITestsLaunchTests.swift in Sources */ = {isa = PBXBuildFile; fileRef = 00640AC128A5D2EC007AEAF6 /* Start_ShowUITestsLaunchTests.swift */; };
		00640AD328A5DF29007AEAF6 /* CategorieCollectionViewCell.swift in Sources */ = {isa = PBXBuildFile; fileRef = 00640AD228A5DF29007AEAF6 /* CategorieCollectionViewCell.swift */; };
/* End PBXBuildFile section */

/* Begin PBXContainerItemProxy section */
		00640AB228A5D2EC007AEAF6 /* PBXContainerItemProxy */ = {
			isa = PBXContainerItemProxy;
			containerPortal = 00640A9028A5D2EA007AEAF6 /* Project object */;
			proxyType = 1;
			remoteGlobalIDString = 00640A9728A5D2EA007AEAF6;
			remoteInfo = Start_Show;
		};
		00640ABC28A5D2EC007AEAF6 /* PBXContainerItemProxy */ = {
			isa = PBXContainerItemProxy;
			containerPortal = 00640A9028A5D2EA007AEAF6 /* Project object */;
			proxyType = 1;
			remoteGlobalIDString = 00640A9728A5D2EA007AEAF6;
			remoteInfo = Start_Show;
		};
/* End PBXContainerItemProxy section */

/* Begin PBXFileReference section */
		00640A9828A5D2EA007AEAF6 /* Start_Show.app */ = {isa = PBXFileReference; explicitFileType = wrapper.application; includeInIndex = 0; path = Start_Show.app; sourceTree = BUILT_PRODUCTS_DIR; };
		00640A9B28A5D2EA007AEAF6 /* AppDelegate.swift */ = {isa = PBXFileReference; lastKnownFileType = sourcecode.swift; path = AppDelegate.swift; sourceTree = "<group>"; };
		00640A9D28A5D2EA007AEAF6 /* SceneDelegate.swift */ = {isa = PBXFileReference; lastKnownFileType = sourcecode.swift; path = SceneDelegate.swift; sourceTree = "<group>"; };
		00640A9F28A5D2EA007AEAF6 /* ViewController.swift */ = {isa = PBXFileReference; lastKnownFileType = sourcecode.swift; path = ViewController.swift; sourceTree = "<group>"; };
		00640AA228A5D2EA007AEAF6 /* Base */ = {isa = PBXFileReference; lastKnownFileType = file.storyboard; name = Base; path = Base.lproj/Main.storyboard; sourceTree = "<group>"; };
		00640AA528A5D2EA007AEAF6 /* Start_Show.xcdatamodel */ = {isa = PBXFileReference; lastKnownFileType = wrapper.xcdatamodel; path = Start_Show.xcdatamodel; sourceTree = "<group>"; };
		00640AA728A5D2EC007AEAF6 /* Assets.xcassets */ = {isa = PBXFileReference; lastKnownFileType = folder.assetcatalog; path = Assets.xcassets; sourceTree = "<group>"; };
		00640AAA28A5D2EC007AEAF6 /* Base */ = {isa = PBXFileReference; lastKnownFileType = file.storyboard; name = Base; path = Base.lproj/LaunchScreen.storyboard; sourceTree = "<group>"; };
		00640AAC28A5D2EC007AEAF6 /* Info.plist */ = {isa = PBXFileReference; lastKnownFileType = text.plist.xml; path = Info.plist; sourceTree = "<group>"; };
		00640AB128A5D2EC007AEAF6 /* Start_ShowTests.xctest */ = {isa = PBXFileReference; explicitFileType = wrapper.cfbundle; includeInIndex = 0; path = Start_ShowTests.xctest; sourceTree = BUILT_PRODUCTS_DIR; };
		00640AB528A5D2EC007AEAF6 /* Start_ShowTests.swift */ = {isa = PBXFileReference; lastKnownFileType = sourcecode.swift; path = Start_ShowTests.swift; sourceTree = "<group>"; };
		00640ABB28A5D2EC007AEAF6 /* Start_ShowUITests.xctest */ = {isa = PBXFileReference; explicitFileType = wrapper.cfbundle; includeInIndex = 0; path = Start_ShowUITests.xctest; sourceTree = BUILT_PRODUCTS_DIR; };
		00640ABF28A5D2EC007AEAF6 /* Start_ShowUITests.swift */ = {isa = PBXFileReference; lastKnownFileType = sourcecode.swift; path = Start_ShowUITests.swift; sourceTree = "<group>"; };
		00640AC128A5D2EC007AEAF6 /* Start_ShowUITestsLaunchTests.swift */ = {isa = PBXFileReference; lastKnownFileType = sourcecode.swift; path = Start_ShowUITestsLaunchTests.swift; sourceTree = "<group>"; };
		00640AD228A5DF29007AEAF6 /* CategorieCollectionViewCell.swift */ = {isa = PBXFileReference; lastKnownFileType = sourcecode.swift; path = CategorieCollectionViewCell.swift; sourceTree = "<group>"; };
/* End PBXFileReference section */

/* Begin PBXFrameworksBuildPhase section */
		00640A9528A5D2EA007AEAF6 /* Frameworks */ = {
			isa = PBXFrameworksBuildPhase;
			buildActionMask = 2147483647;
			files = (
			);
			runOnlyForDeploymentPostprocessing = 0;
		};
		00640AAE28A5D2EC007AEAF6 /* Frameworks */ = {
			isa = PBXFrameworksBuildPhase;
			buildActionMask = 2147483647;
			files = (
			);
			runOnlyForDeploymentPostprocessing = 0;
		};
		00640AB828A5D2EC007AEAF6 /* Frameworks */ = {
			isa = PBXFrameworksBuildPhase;
			buildActionMask = 2147483647;
			files = (
			);
			runOnlyForDeploymentPostprocessing = 0;
		};
/* End PBXFrameworksBuildPhase section */

/* Begin PBXGroup section */
		00640A8F28A5D2EA007AEAF6 = {
			isa = PBXGroup;
			children = (
				00640A9A28A5D2EA007AEAF6 /* Start_Show */,
				00640AB428A5D2EC007AEAF6 /* Start_ShowTests */,
				00640ABE28A5D2EC007AEAF6 /* Start_ShowUITests */,
				00640A9928A5D2EA007AEAF6 /* Products */,
			);
			sourceTree = "<group>";
		};
		00640A9928A5D2EA007AEAF6 /* Products */ = {
			isa = PBXGroup;
			children = (
				00640A9828A5D2EA007AEAF6 /* Start_Show.app */,
				00640AB128A5D2EC007AEAF6 /* Start_ShowTests.xctest */,
				00640ABB28A5D2EC007AEAF6 /* Start_ShowUITests.xctest */,
			);
			name = Products;
			sourceTree = "<group>";
		};
		00640A9A28A5D2EA007AEAF6 /* Start_Show */ = {
			isa = PBXGroup;
			children = (
				00640AAC28A5D2EC007AEAF6 /* Info.plist */,
				00640ACF28A5D337007AEAF6 /* Controller */,
				00640AD128A5D35F007AEAF6 /* View */,
				00640ACE28A5D314007AEAF6 /* Support Files */,
				00640AD028A5D34E007AEAF6 /* Data Base */,
			);
			path = Start_Show;
			sourceTree = "<group>";
		};
		00640AB428A5D2EC007AEAF6 /* Start_ShowTests */ = {
			isa = PBXGroup;
			children = (
				00640AB528A5D2EC007AEAF6 /* Start_ShowTests.swift */,
			);
			path = Start_ShowTests;
			sourceTree = "<group>";
		};
		00640ABE28A5D2EC007AEAF6 /* Start_ShowUITests */ = {
			isa = PBXGroup;
			children = (
				00640ABF28A5D2EC007AEAF6 /* Start_ShowUITests.swift */,
				00640AC128A5D2EC007AEAF6 /* Start_ShowUITestsLaunchTests.swift */,
			);
			path = Start_ShowUITests;
			sourceTree = "<group>";
		};
		00640ACE28A5D314007AEAF6 /* Support Files */ = {
			isa = PBXGroup;
			children = (
				00640A9D28A5D2EA007AEAF6 /* SceneDelegate.swift */,
				00640A9B28A5D2EA007AEAF6 /* AppDelegate.swift */,
				00640AA728A5D2EC007AEAF6 /* Assets.xcassets */,
				00640AA928A5D2EC007AEAF6 /* LaunchScreen.storyboard */,
			);
			path = "Support Files";
			sourceTree = "<group>";
		};
		00640ACF28A5D337007AEAF6 /* Controller */ = {
			isa = PBXGroup;
			children = (
				00640A9F28A5D2EA007AEAF6 /* ViewController.swift */,
			);
			path = Controller;
			sourceTree = "<group>";
		};
		00640AD028A5D34E007AEAF6 /* Data Base */ = {
			isa = PBXGroup;
			children = (
				00640AA428A5D2EA007AEAF6 /* Start_Show.xcdatamodeld */,
			);
			path = "Data Base";
			sourceTree = "<group>";
		};
		00640AD128A5D35F007AEAF6 /* View */ = {
			isa = PBXGroup;
			children = (
				00640AA128A5D2EA007AEAF6 /* Main.storyboard */,
				00640AD228A5DF29007AEAF6 /* CategorieCollectionViewCell.swift */,
			);
			path = View;
			sourceTree = "<group>";
		};
/* End PBXGroup section */

/* Begin PBXNativeTarget section */
		00640A9728A5D2EA007AEAF6 /* Start_Show */ = {
			isa = PBXNativeTarget;
			buildConfigurationList = 00640AC528A5D2EC007AEAF6 /* Build configuration list for PBXNativeTarget "Start_Show" */;
			buildPhases = (
				00640A9428A5D2EA007AEAF6 /* Sources */,
				00640A9528A5D2EA007AEAF6 /* Frameworks */,
				00640A9628A5D2EA007AEAF6 /* Resources */,
			);
			buildRules = (
			);
			dependencies = (
			);
			name = Start_Show;
			productName = Start_Show;
			productReference = 00640A9828A5D2EA007AEAF6 /* Start_Show.app */;
			productType = "com.apple.product-type.application";
		};
		00640AB028A5D2EC007AEAF6 /* Start_ShowTests */ = {
			isa = PBXNativeTarget;
			buildConfigurationList = 00640AC828A5D2EC007AEAF6 /* Build configuration list for PBXNativeTarget "Start_ShowTests" */;
			buildPhases = (
				00640AAD28A5D2EC007AEAF6 /* Sources */,
				00640AAE28A5D2EC007AEAF6 /* Frameworks */,
				00640AAF28A5D2EC007AEAF6 /* Resources */,
			);
			buildRules = (
			);
			dependencies = (
				00640AB328A5D2EC007AEAF6 /* PBXTargetDependency */,
			);
			name = Start_ShowTests;
			productName = Start_ShowTests;
			productReference = 00640AB128A5D2EC007AEAF6 /* Start_ShowTests.xctest */;
			productType = "com.apple.product-type.bundle.unit-test";
		};
		00640ABA28A5D2EC007AEAF6 /* Start_ShowUITests */ = {
			isa = PBXNativeTarget;
			buildConfigurationList = 00640ACB28A5D2EC007AEAF6 /* Build configuration list for PBXNativeTarget "Start_ShowUITests" */;
			buildPhases = (
				00640AB728A5D2EC007AEAF6 /* Sources */,
				00640AB828A5D2EC007AEAF6 /* Frameworks */,
				00640AB928A5D2EC007AEAF6 /* Resources */,
			);
			buildRules = (
			);
			dependencies = (
				00640ABD28A5D2EC007AEAF6 /* PBXTargetDependency */,
			);
			name = Start_ShowUITests;
			productName = Start_ShowUITests;
			productReference = 00640ABB28A5D2EC007AEAF6 /* Start_ShowUITests.xctest */;
			productType = "com.apple.product-type.bundle.ui-testing";
		};
/* End PBXNativeTarget section */

/* Begin PBXProject section */
		00640A9028A5D2EA007AEAF6 /* Project object */ = {
			isa = PBXProject;
			attributes = {
				BuildIndependentTargetsInParallel = 1;
				LastSwiftUpdateCheck = 1340;
				LastUpgradeCheck = 1340;
				TargetAttributes = {
					00640A9728A5D2EA007AEAF6 = {
						CreatedOnToolsVersion = 13.4.1;
					};
					00640AB028A5D2EC007AEAF6 = {
						CreatedOnToolsVersion = 13.4.1;
						TestTargetID = 00640A9728A5D2EA007AEAF6;
					};
					00640ABA28A5D2EC007AEAF6 = {
						CreatedOnToolsVersion = 13.4.1;
						TestTargetID = 00640A9728A5D2EA007AEAF6;
					};
				};
			};
			buildConfigurationList = 00640A9328A5D2EA007AEAF6 /* Build configuration list for PBXProject "Start_Show" */;
			compatibilityVersion = "Xcode 13.0";
			developmentRegion = en;
			hasScannedForEncodings = 0;
			knownRegions = (
				en,
				Base,
			);
			mainGroup = 00640A8F28A5D2EA007AEAF6;
			productRefGroup = 00640A9928A5D2EA007AEAF6 /* Products */;
			projectDirPath = "";
			projectRoot = "";
			targets = (
				00640A9728A5D2EA007AEAF6 /* Start_Show */,
				00640AB028A5D2EC007AEAF6 /* Start_ShowTests */,
				00640ABA28A5D2EC007AEAF6 /* Start_ShowUITests */,
			);
		};
/* End PBXProject section */

/* Begin PBXResourcesBuildPhase section */
		00640A9628A5D2EA007AEAF6 /* Resources */ = {
			isa = PBXResourcesBuildPhase;
			buildActionMask = 2147483647;
			files = (
				00640AAB28A5D2EC007AEAF6 /* LaunchScreen.storyboard in Resources */,
				00640AA828A5D2EC007AEAF6 /* Assets.xcassets in Resources */,
				00640AA328A5D2EA007AEAF6 /* Main.storyboard in Resources */,
			);
			runOnlyForDeploymentPostprocessing = 0;
		};
		00640AAF28A5D2EC007AEAF6 /* Resources */ = {
			isa = PBXResourcesBuildPhase;
			buildActionMask = 2147483647;
			files = (
			);
			runOnlyForDeploymentPostprocessing = 0;
		};
		00640AB928A5D2EC007AEAF6 /* Resources */ = {
			isa = PBXResourcesBuildPhase;
			buildActionMask = 2147483647;
			files = (
			);
			runOnlyForDeploymentPostprocessing = 0;
		};
/* End PBXResourcesBuildPhase section */

/* Begin PBXSourcesBuildPhase section */
		00640A9428A5D2EA007AEAF6 /* Sources */ = {
			isa = PBXSourcesBuildPhase;
			buildActionMask = 2147483647;
			files = (
				00640AA028A5D2EA007AEAF6 /* ViewController.swift in Sources */,
				00640AA628A5D2EA007AEAF6 /* Start_Show.xcdatamodeld in Sources */,
				00640A9C28A5D2EA007AEAF6 /* AppDelegate.swift in Sources */,
				00640A9E28A5D2EA007AEAF6 /* SceneDelegate.swift in Sources */,
				00640AD328A5DF29007AEAF6 /* CategorieCollectionViewCell.swift in Sources */,
			);
			runOnlyForDeploymentPostprocessing = 0;
		};
		00640AAD28A5D2EC007AEAF6 /* Sources */ = {
			isa = PBXSourcesBuildPhase;
			buildActionMask = 2147483647;
			files = (
				00640AB628A5D2EC007AEAF6 /* Start_ShowTests.swift in Sources */,
			);
			runOnlyForDeploymentPostprocessing = 0;
		};
		00640AB728A5D2EC007AEAF6 /* Sources */ = {
			isa = PBXSourcesBuildPhase;
			buildActionMask = 2147483647;
			files = (
				00640AC228A5D2EC007AEAF6 /* Start_ShowUITestsLaunchTests.swift in Sources */,
				00640AC028A5D2EC007AEAF6 /* Start_ShowUITests.swift in Sources */,
			);
			runOnlyForDeploymentPostprocessing = 0;
		};
/* End PBXSourcesBuildPhase section */

/* Begin PBXTargetDependency section */
		00640AB328A5D2EC007AEAF6 /* PBXTargetDependency */ = {
			isa = PBXTargetDependency;
			target = 00640A9728A5D2EA007AEAF6 /* Start_Show */;
			targetProxy = 00640AB228A5D2EC007AEAF6 /* PBXContainerItemProxy */;
		};
		00640ABD28A5D2EC007AEAF6 /* PBXTargetDependency */ = {
			isa = PBXTargetDependency;
			target = 00640A9728A5D2EA007AEAF6 /* Start_Show */;
			targetProxy = 00640ABC28A5D2EC007AEAF6 /* PBXContainerItemProxy */;
		};
/* End PBXTargetDependency section */

/* Begin PBXVariantGroup section */
		00640AA128A5D2EA007AEAF6 /* Main.storyboard */ = {
			isa = PBXVariantGroup;
			children = (
				00640AA228A5D2EA007AEAF6 /* Base */,
			);
			name = Main.storyboard;
			sourceTree = "<group>";
		};
		00640AA928A5D2EC007AEAF6 /* LaunchScreen.storyboard */ = {
			isa = PBXVariantGroup;
			children = (
				00640AAA28A5D2EC007AEAF6 /* Base */,
			);
			name = LaunchScreen.storyboard;
			sourceTree = "<group>";
		};
/* End PBXVariantGroup section */

/* Begin XCBuildConfiguration section */
		00640AC328A5D2EC007AEAF6 /* Debug */ = {
			isa = XCBuildConfiguration;
			buildSettings = {
				ALWAYS_SEARCH_USER_PATHS = NO;
				CLANG_ANALYZER_NONNULL = YES;
				CLANG_ANALYZER_NUMBER_OBJECT_CONVERSION = YES_AGGRESSIVE;
				CLANG_CXX_LANGUAGE_STANDARD = "gnu++17";
				CLANG_ENABLE_MODULES = YES;
				CLANG_ENABLE_OBJC_ARC = YES;
				CLANG_ENABLE_OBJC_WEAK = YES;
				CLANG_WARN_BLOCK_CAPTURE_AUTORELEASING = YES;
				CLANG_WARN_BOOL_CONVERSION = YES;
				CLANG_WARN_COMMA = YES;
				CLANG_WARN_CONSTANT_CONVERSION = YES;
				CLANG_WARN_DEPRECATED_OBJC_IMPLEMENTATIONS = YES;
				CLANG_WARN_DIRECT_OBJC_ISA_USAGE = YES_ERROR;
				CLANG_WARN_DOCUMENTATION_COMMENTS = YES;
				CLANG_WARN_EMPTY_BODY = YES;
				CLANG_WARN_ENUM_CONVERSION = YES;
				CLANG_WARN_INFINITE_RECURSION = YES;
				CLANG_WARN_INT_CONVERSION = YES;
				CLANG_WARN_NON_LITERAL_NULL_CONVERSION = YES;
				CLANG_WARN_OBJC_IMPLICIT_RETAIN_SELF = YES;
				CLANG_WARN_OBJC_LITERAL_CONVERSION = YES;
				CLANG_WARN_OBJC_ROOT_CLASS = YES_ERROR;
				CLANG_WARN_QUOTED_INCLUDE_IN_FRAMEWORK_HEADER = YES;
				CLANG_WARN_RANGE_LOOP_ANALYSIS = YES;
				CLANG_WARN_STRICT_PROTOTYPES = YES;
				CLANG_WARN_SUSPICIOUS_MOVE = YES;
				CLANG_WARN_UNGUARDED_AVAILABILITY = YES_AGGRESSIVE;
				CLANG_WARN_UNREACHABLE_CODE = YES;
				CLANG_WARN__DUPLICATE_METHOD_MATCH = YES;
				COPY_PHASE_STRIP = NO;
				DEBUG_INFORMATION_FORMAT = dwarf;
				ENABLE_STRICT_OBJC_MSGSEND = YES;
				ENABLE_TESTABILITY = YES;
				GCC_C_LANGUAGE_STANDARD = gnu11;
				GCC_DYNAMIC_NO_PIC = NO;
				GCC_NO_COMMON_BLOCKS = YES;
				GCC_OPTIMIZATION_LEVEL = 0;
				GCC_PREPROCESSOR_DEFINITIONS = (
					"DEBUG=1",
					"$(inherited)",
				);
				GCC_WARN_64_TO_32_BIT_CONVERSION = YES;
				GCC_WARN_ABOUT_RETURN_TYPE = YES_ERROR;
				GCC_WARN_UNDECLARED_SELECTOR = YES;
				GCC_WARN_UNINITIALIZED_AUTOS = YES_AGGRESSIVE;
				GCC_WARN_UNUSED_FUNCTION = YES;
				GCC_WARN_UNUSED_VARIABLE = YES;
				IPHONEOS_DEPLOYMENT_TARGET = 15.5;
				MTL_ENABLE_DEBUG_INFO = INCLUDE_SOURCE;
				MTL_FAST_MATH = YES;
				ONLY_ACTIVE_ARCH = YES;
				SDKROOT = iphoneos;
				SWIFT_ACTIVE_COMPILATION_CONDITIONS = DEBUG;
				SWIFT_OPTIMIZATION_LEVEL = "-Onone";
			};
			name = Debug;
		};
		00640AC428A5D2EC007AEAF6 /* Release */ = {
			isa = XCBuildConfiguration;
			buildSettings = {
				ALWAYS_SEARCH_USER_PATHS = NO;
				CLANG_ANALYZER_NONNULL = YES;
				CLANG_ANALYZER_NUMBER_OBJECT_CONVERSION = YES_AGGRESSIVE;
				CLANG_CXX_LANGUAGE_STANDARD = "gnu++17";
				CLANG_ENABLE_MODULES = YES;
				CLANG_ENABLE_OBJC_ARC = YES;
				CLANG_ENABLE_OBJC_WEAK = YES;
				CLANG_WARN_BLOCK_CAPTURE_AUTORELEASING = YES;
				CLANG_WARN_BOOL_CONVERSION = YES;
				CLANG_WARN_COMMA = YES;
				CLANG_WARN_CONSTANT_CONVERSION = YES;
				CLANG_WARN_DEPRECATED_OBJC_IMPLEMENTATIONS = YES;
				CLANG_WARN_DIRECT_OBJC_ISA_USAGE = YES_ERROR;
				CLANG_WARN_DOCUMENTATION_COMMENTS = YES;
				CLANG_WARN_EMPTY_BODY = YES;
				CLANG_WARN_ENUM_CONVERSION = YES;
				CLANG_WARN_INFINITE_RECURSION = YES;
				CLANG_WARN_INT_CONVERSION = YES;
				CLANG_WARN_NON_LITERAL_NULL_CONVERSION = YES;
				CLANG_WARN_OBJC_IMPLICIT_RETAIN_SELF = YES;
				CLANG_WARN_OBJC_LITERAL_CONVERSION = YES;
				CLANG_WARN_OBJC_ROOT_CLASS = YES_ERROR;
				CLANG_WARN_QUOTED_INCLUDE_IN_FRAMEWORK_HEADER = YES;
				CLANG_WARN_RANGE_LOOP_ANALYSIS = YES;
				CLANG_WARN_STRICT_PROTOTYPES = YES;
				CLANG_WARN_SUSPICIOUS_MOVE = YES;
				CLANG_WARN_UNGUARDED_AVAILABILITY = YES_AGGRESSIVE;
				CLANG_WARN_UNREACHABLE_CODE = YES;
				CLANG_WARN__DUPLICATE_METHOD_MATCH = YES;
				COPY_PHASE_STRIP = NO;
				DEBUG_INFORMATION_FORMAT = "dwarf-with-dsym";
				ENABLE_NS_ASSERTIONS = NO;
				ENABLE_STRICT_OBJC_MSGSEND = YES;
				GCC_C_LANGUAGE_STANDARD = gnu11;
				GCC_NO_COMMON_BLOCKS = YES;
				GCC_WARN_64_TO_32_BIT_CONVERSION = YES;
				GCC_WARN_ABOUT_RETURN_TYPE = YES_ERROR;
				GCC_WARN_UNDECLARED_SELECTOR = YES;
				GCC_WARN_UNINITIALIZED_AUTOS = YES_AGGRESSIVE;
				GCC_WARN_UNUSED_FUNCTION = YES;
				GCC_WARN_UNUSED_VARIABLE = YES;
				IPHONEOS_DEPLOYMENT_TARGET = 15.5;
				MTL_ENABLE_DEBUG_INFO = NO;
				MTL_FAST_MATH = YES;
				SDKROOT = iphoneos;
				SWIFT_COMPILATION_MODE = wholemodule;
				SWIFT_OPTIMIZATION_LEVEL = "-O";
				VALIDATE_PRODUCT = YES;
			};
			name = Release;
		};
		00640AC628A5D2EC007AEAF6 /* Debug */ = {
			isa = XCBuildConfiguration;
			buildSettings = {
				ASSETCATALOG_COMPILER_APPICON_NAME = AppIcon;
				ASSETCATALOG_COMPILER_GLOBAL_ACCENT_COLOR_NAME = AccentColor;
				CODE_SIGN_STYLE = Automatic;
				CURRENT_PROJECT_VERSION = 1;
				DEVELOPMENT_TEAM = V6DG8SQQ9J;
				GENERATE_INFOPLIST_FILE = YES;
				INFOPLIST_FILE = Start_Show/Info.plist;
				INFOPLIST_KEY_UIApplicationSupportsIndirectInputEvents = YES;
				INFOPLIST_KEY_UILaunchStoryboardName = LaunchScreen;
				INFOPLIST_KEY_UIMainStoryboardFile = Main;
				INFOPLIST_KEY_UISupportedInterfaceOrientations_iPad = "UIInterfaceOrientationPortrait UIInterfaceOrientationPortraitUpsideDown UIInterfaceOrientationLandscapeLeft UIInterfaceOrientationLandscapeRight";
				INFOPLIST_KEY_UISupportedInterfaceOrientations_iPhone = "UIInterfaceOrientationPortrait UIInterfaceOrientationLandscapeLeft UIInterfaceOrientationLandscapeRight";
				LD_RUNPATH_SEARCH_PATHS = (
					"$(inherited)",
					"@executable_path/Frameworks",
				);
				MARKETING_VERSION = 1.0;
				PRODUCT_BUNDLE_IDENTIFIER = "KADM.Start-Show";
				PRODUCT_NAME = "$(TARGET_NAME)";
				SWIFT_EMIT_LOC_STRINGS = YES;
				SWIFT_VERSION = 5.0;
				TARGETED_DEVICE_FAMILY = "1,2";
			};
			name = Debug;
		};
		00640AC728A5D2EC007AEAF6 /* Release */ = {
			isa = XCBuildConfiguration;
			buildSettings = {
				ASSETCATALOG_COMPILER_APPICON_NAME = AppIcon;
				ASSETCATALOG_COMPILER_GLOBAL_ACCENT_COLOR_NAME = AccentColor;
				CODE_SIGN_STYLE = Automatic;
				CURRENT_PROJECT_VERSION = 1;
				DEVELOPMENT_TEAM = V6DG8SQQ9J;
				GENERATE_INFOPLIST_FILE = YES;
				INFOPLIST_FILE = Start_Show/Info.plist;
				INFOPLIST_KEY_UIApplicationSupportsIndirectInputEvents = YES;
				INFOPLIST_KEY_UILaunchStoryboardName = LaunchScreen;
				INFOPLIST_KEY_UIMainStoryboardFile = Main;
				INFOPLIST_KEY_UISupportedInterfaceOrientations_iPad = "UIInterfaceOrientationPortrait UIInterfaceOrientationPortraitUpsideDown UIInterfaceOrientationLandscapeLeft UIInterfaceOrientationLandscapeRight";
				INFOPLIST_KEY_UISupportedInterfaceOrientations_iPhone = "UIInterfaceOrientationPortrait UIInterfaceOrientationLandscapeLeft UIInterfaceOrientationLandscapeRight";
				LD_RUNPATH_SEARCH_PATHS = (
					"$(inherited)",
					"@executable_path/Frameworks",
				);
				MARKETING_VERSION = 1.0;
				PRODUCT_BUNDLE_IDENTIFIER = "KADM.Start-Show";
				PRODUCT_NAME = "$(TARGET_NAME)";
				SWIFT_EMIT_LOC_STRINGS = YES;
				SWIFT_VERSION = 5.0;
				TARGETED_DEVICE_FAMILY = "1,2";
			};
			name = Release;
		};
		00640AC928A5D2EC007AEAF6 /* Debug */ = {
			isa = XCBuildConfiguration;
			buildSettings = {
				ALWAYS_EMBED_SWIFT_STANDARD_LIBRARIES = YES;
				BUNDLE_LOADER = "$(TEST_HOST)";
				CODE_SIGN_STYLE = Automatic;
				CURRENT_PROJECT_VERSION = 1;
				DEVELOPMENT_TEAM = V6DG8SQQ9J;
				GENERATE_INFOPLIST_FILE = YES;
				IPHONEOS_DEPLOYMENT_TARGET = 15.5;
				MARKETING_VERSION = 1.0;
				PRODUCT_BUNDLE_IDENTIFIER = "KADM.Start-ShowTests";
				PRODUCT_NAME = "$(TARGET_NAME)";
				SWIFT_EMIT_LOC_STRINGS = NO;
				SWIFT_VERSION = 5.0;
				TARGETED_DEVICE_FAMILY = "1,2";
				TEST_HOST = "$(BUILT_PRODUCTS_DIR)/Start_Show.app/Start_Show";
			};
			name = Debug;
		};
		00640ACA28A5D2EC007AEAF6 /* Release */ = {
			isa = XCBuildConfiguration;
			buildSettings = {
				ALWAYS_EMBED_SWIFT_STANDARD_LIBRARIES = YES;
				BUNDLE_LOADER = "$(TEST_HOST)";
				CODE_SIGN_STYLE = Automatic;
				CURRENT_PROJECT_VERSION = 1;
				DEVELOPMENT_TEAM = V6DG8SQQ9J;
				GENERATE_INFOPLIST_FILE = YES;
				IPHONEOS_DEPLOYMENT_TARGET = 15.5;
				MARKETING_VERSION = 1.0;
				PRODUCT_BUNDLE_IDENTIFIER = "KADM.Start-ShowTests";
				PRODUCT_NAME = "$(TARGET_NAME)";
				SWIFT_EMIT_LOC_STRINGS = NO;
				SWIFT_VERSION = 5.0;
				TARGETED_DEVICE_FAMILY = "1,2";
				TEST_HOST = "$(BUILT_PRODUCTS_DIR)/Start_Show.app/Start_Show";
			};
			name = Release;
		};
		00640ACC28A5D2EC007AEAF6 /* Debug */ = {
			isa = XCBuildConfiguration;
			buildSettings = {
				ALWAYS_EMBED_SWIFT_STANDARD_LIBRARIES = YES;
				CODE_SIGN_STYLE = Automatic;
				CURRENT_PROJECT_VERSION = 1;
				DEVELOPMENT_TEAM = V6DG8SQQ9J;
				GENERATE_INFOPLIST_FILE = YES;
				MARKETING_VERSION = 1.0;
				PRODUCT_BUNDLE_IDENTIFIER = "KADM.Start-ShowUITests";
				PRODUCT_NAME = "$(TARGET_NAME)";
				SWIFT_EMIT_LOC_STRINGS = NO;
				SWIFT_VERSION = 5.0;
				TARGETED_DEVICE_FAMILY = "1,2";
				TEST_TARGET_NAME = Start_Show;
			};
			name = Debug;
		};
		00640ACD28A5D2EC007AEAF6 /* Release */ = {
			isa = XCBuildConfiguration;
			buildSettings = {
				ALWAYS_EMBED_SWIFT_STANDARD_LIBRARIES = YES;
				CODE_SIGN_STYLE = Automatic;
				CURRENT_PROJECT_VERSION = 1;
				DEVELOPMENT_TEAM = V6DG8SQQ9J;
				GENERATE_INFOPLIST_FILE = YES;
				MARKETING_VERSION = 1.0;
				PRODUCT_BUNDLE_IDENTIFIER = "KADM.Start-ShowUITests";
				PRODUCT_NAME = "$(TARGET_NAME)";
				SWIFT_EMIT_LOC_STRINGS = NO;
				SWIFT_VERSION = 5.0;
				TARGETED_DEVICE_FAMILY = "1,2";
				TEST_TARGET_NAME = Start_Show;
			};
			name = Release;
		};
/* End XCBuildConfiguration section */

/* Begin XCConfigurationList section */
		00640A9328A5D2EA007AEAF6 /* Build configuration list for PBXProject "Start_Show" */ = {
			isa = XCConfigurationList;
			buildConfigurations = (
				00640AC328A5D2EC007AEAF6 /* Debug */,
				00640AC428A5D2EC007AEAF6 /* Release */,
			);
			defaultConfigurationIsVisible = 0;
			defaultConfigurationName = Release;
		};
		00640AC528A5D2EC007AEAF6 /* Build configuration list for PBXNativeTarget "Start_Show" */ = {
			isa = XCConfigurationList;
			buildConfigurations = (
				00640AC628A5D2EC007AEAF6 /* Debug */,
				00640AC728A5D2EC007AEAF6 /* Release */,
			);
			defaultConfigurationIsVisible = 0;
			defaultConfigurationName = Release;
		};
		00640AC828A5D2EC007AEAF6 /* Build configuration list for PBXNativeTarget "Start_ShowTests" */ = {
			isa = XCConfigurationList;
			buildConfigurations = (
				00640AC928A5D2EC007AEAF6 /* Debug */,
				00640ACA28A5D2EC007AEAF6 /* Release */,
			);
			defaultConfigurationIsVisible = 0;
			defaultConfigurationName = Release;
		};
		00640ACB28A5D2EC007AEAF6 /* Build configuration list for PBXNativeTarget "Start_ShowUITests" */ = {
			isa = XCConfigurationList;
			buildConfigurations = (
				00640ACC28A5D2EC007AEAF6 /* Debug */,
				00640ACD28A5D2EC007AEAF6 /* Release */,
			);
			defaultConfigurationIsVisible = 0;
			defaultConfigurationName = Release;
		};
/* End XCConfigurationList section */

/* Begin XCVersionGroup section */
		00640AA428A5D2EA007AEAF6 /* Start_Show.xcdatamodeld */ = {
			isa = XCVersionGroup;
			children = (
				00640AA528A5D2EA007AEAF6 /* Start_Show.xcdatamodel */,
			);
			currentVersion = 00640AA528A5D2EA007AEAF6 /* Start_Show.xcdatamodel */;
			path = Start_Show.xcdatamodeld;
			sourceTree = "<group>";
			versionGroupType = wrapper.xcdatamodel;
		};
/* End XCVersionGroup section */
	};
	rootObject = 00640A9028A5D2EA007AEAF6 /* Project object */;
}
